// !$*UTF8*$!
{
	archiveVersion = 1;
	classes = {
	};
	objectVersion = 56;
	objects = {

/* Begin PBXBuildFile section */
		6B003D512AEEEA1C00CACBCE /* StreakViewModel.swift in Sources */ = {isa = PBXBuildFile; fileRef = 6B003D502AEEEA1C00CACBCE /* StreakViewModel.swift */; };
		6BB3AD442AEE9DE00047CC71 /* StreakApp.swift in Sources */ = {isa = PBXBuildFile; fileRef = 6BB3AD432AEE9DE00047CC71 /* StreakApp.swift */; };
		6BB3AD462AEE9DE00047CC71 /* ContentView.swift in Sources */ = {isa = PBXBuildFile; fileRef = 6BB3AD452AEE9DE00047CC71 /* ContentView.swift */; };
		6BB3AD482AEE9DE10047CC71 /* Assets.xcassets in Resources */ = {isa = PBXBuildFile; fileRef = 6BB3AD472AEE9DE10047CC71 /* Assets.xcassets */; };
		6BB3AD4B2AEE9DE10047CC71 /* Preview Assets.xcassets in Resources */ = {isa = PBXBuildFile; fileRef = 6BB3AD4A2AEE9DE10047CC71 /* Preview Assets.xcassets */; };
		6BB3AD552AEE9DE10047CC71 /* StreakTests.swift in Sources */ = {isa = PBXBuildFile; fileRef = 6BB3AD542AEE9DE10047CC71 /* StreakTests.swift */; };
		6BB3AD5F2AEE9DE10047CC71 /* StreakUITests.swift in Sources */ = {isa = PBXBuildFile; fileRef = 6BB3AD5E2AEE9DE10047CC71 /* StreakUITests.swift */; };
		6BB3AD612AEE9DE10047CC71 /* StreakUITestsLaunchTests.swift in Sources */ = {isa = PBXBuildFile; fileRef = 6BB3AD602AEE9DE10047CC71 /* StreakUITestsLaunchTests.swift */; };
		6BB3AD6E2AEE9FD40047CC71 /* StreakView.swift in Sources */ = {isa = PBXBuildFile; fileRef = 6BB3AD6D2AEE9FD40047CC71 /* StreakView.swift */; };
/* End PBXBuildFile section */

/* Begin PBXContainerItemProxy section */
		6BB3AD512AEE9DE10047CC71 /* PBXContainerItemProxy */ = {
			isa = PBXContainerItemProxy;
			containerPortal = 6BB3AD382AEE9DE00047CC71 /* Project object */;
			proxyType = 1;
			remoteGlobalIDString = 6BB3AD3F2AEE9DE00047CC71;
			remoteInfo = Streak;
		};
		6BB3AD5B2AEE9DE10047CC71 /* PBXContainerItemProxy */ = {
			isa = PBXContainerItemProxy;
			containerPortal = 6BB3AD382AEE9DE00047CC71 /* Project object */;
			proxyType = 1;
			remoteGlobalIDString = 6BB3AD3F2AEE9DE00047CC71;
			remoteInfo = Streak;
		};
/* End PBXContainerItemProxy section */

/* Begin PBXFileReference section */
		6B003D502AEEEA1C00CACBCE /* StreakViewModel.swift */ = {isa = PBXFileReference; lastKnownFileType = sourcecode.swift; path = StreakViewModel.swift; sourceTree = "<group>"; };
		6BB3AD402AEE9DE00047CC71 /* Streak.app */ = {isa = PBXFileReference; explicitFileType = wrapper.application; includeInIndex = 0; path = Streak.app; sourceTree = BUILT_PRODUCTS_DIR; };
		6BB3AD432AEE9DE00047CC71 /* StreakApp.swift */ = {isa = PBXFileReference; lastKnownFileType = sourcecode.swift; path = StreakApp.swift; sourceTree = "<group>"; };
		6BB3AD452AEE9DE00047CC71 /* ContentView.swift */ = {isa = PBXFileReference; lastKnownFileType = sourcecode.swift; path = ContentView.swift; sourceTree = "<group>"; };
		6BB3AD472AEE9DE10047CC71 /* Assets.xcassets */ = {isa = PBXFileReference; lastKnownFileType = folder.assetcatalog; path = Assets.xcassets; sourceTree = "<group>"; };
		6BB3AD4A2AEE9DE10047CC71 /* Preview Assets.xcassets */ = {isa = PBXFileReference; lastKnownFileType = folder.assetcatalog; path = "Preview Assets.xcassets"; sourceTree = "<group>"; };
		6BB3AD502AEE9DE10047CC71 /* StreakTests.xctest */ = {isa = PBXFileReference; explicitFileType = wrapper.cfbundle; includeInIndex = 0; path = StreakTests.xctest; sourceTree = BUILT_PRODUCTS_DIR; };
		6BB3AD542AEE9DE10047CC71 /* StreakTests.swift */ = {isa = PBXFileReference; lastKnownFileType = sourcecode.swift; path = StreakTests.swift; sourceTree = "<group>"; };
		6BB3AD5A2AEE9DE10047CC71 /* StreakUITests.xctest */ = {isa = PBXFileReference; explicitFileType = wrapper.cfbundle; includeInIndex = 0; path = StreakUITests.xctest; sourceTree = BUILT_PRODUCTS_DIR; };
		6BB3AD5E2AEE9DE10047CC71 /* StreakUITests.swift */ = {isa = PBXFileReference; lastKnownFileType = sourcecode.swift; path = StreakUITests.swift; sourceTree = "<group>"; };
		6BB3AD602AEE9DE10047CC71 /* StreakUITestsLaunchTests.swift */ = {isa = PBXFileReference; lastKnownFileType = sourcecode.swift; path = StreakUITestsLaunchTests.swift; sourceTree = "<group>"; };
		6BB3AD6D2AEE9FD40047CC71 /* StreakView.swift */ = {isa = PBXFileReference; lastKnownFileType = sourcecode.swift; path = StreakView.swift; sourceTree = "<group>"; };
/* End PBXFileReference section */

/* Begin PBXFrameworksBuildPhase section */
		6BB3AD3D2AEE9DE00047CC71 /* Frameworks */ = {
			isa = PBXFrameworksBuildPhase;
			buildActionMask = 2147483647;
			files = (
			);
			runOnlyForDeploymentPostprocessing = 0;
		};
		6BB3AD4D2AEE9DE10047CC71 /* Frameworks */ = {
			isa = PBXFrameworksBuildPhase;
			buildActionMask = 2147483647;
			files = (
			);
			runOnlyForDeploymentPostprocessing = 0;
		};
		6BB3AD572AEE9DE10047CC71 /* Frameworks */ = {
			isa = PBXFrameworksBuildPhase;
			buildActionMask = 2147483647;
			files = (
			);
			runOnlyForDeploymentPostprocessing = 0;
		};
/* End PBXFrameworksBuildPhase section */

/* Begin PBXGroup section */
		6BB3AD372AEE9DE00047CC71 = {
			isa = PBXGroup;
			children = (
				6BB3AD422AEE9DE00047CC71 /* Streak */,
				6BB3AD532AEE9DE10047CC71 /* StreakTests */,
				6BB3AD5D2AEE9DE10047CC71 /* StreakUITests */,
				6BB3AD412AEE9DE00047CC71 /* Products */,
			);
			sourceTree = "<group>";
		};
		6BB3AD412AEE9DE00047CC71 /* Products */ = {
			isa = PBXGroup;
			children = (
				6BB3AD402AEE9DE00047CC71 /* Streak.app */,
				6BB3AD502AEE9DE10047CC71 /* StreakTests.xctest */,
				6BB3AD5A2AEE9DE10047CC71 /* StreakUITests.xctest */,
			);
			name = Products;
			sourceTree = "<group>";
		};
		6BB3AD422AEE9DE00047CC71 /* Streak */ = {
			isa = PBXGroup;
			children = (
				6BB3AD432AEE9DE00047CC71 /* StreakApp.swift */,
				6BB3AD452AEE9DE00047CC71 /* ContentView.swift */,
				6BB3AD472AEE9DE10047CC71 /* Assets.xcassets */,
				6BB3AD492AEE9DE10047CC71 /* Preview Content */,
				6BB3AD6D2AEE9FD40047CC71 /* StreakView.swift */,
				6B003D502AEEEA1C00CACBCE /* StreakViewModel.swift */,
			);
			path = Streak;
			sourceTree = "<group>";
		};
		6BB3AD492AEE9DE10047CC71 /* Preview Content */ = {
			isa = PBXGroup;
			children = (
				6BB3AD4A2AEE9DE10047CC71 /* Preview Assets.xcassets */,
			);
			path = "Preview Content";
			sourceTree = "<group>";
		};
		6BB3AD532AEE9DE10047CC71 /* StreakTests */ = {
			isa = PBXGroup;
			children = (
				6BB3AD542AEE9DE10047CC71 /* StreakTests.swift */,
			);
			path = StreakTests;
			sourceTree = "<group>";
		};
		6BB3AD5D2AEE9DE10047CC71 /* StreakUITests */ = {
			isa = PBXGroup;
			children = (
				6BB3AD5E2AEE9DE10047CC71 /* StreakUITests.swift */,
				6BB3AD602AEE9DE10047CC71 /* StreakUITestsLaunchTests.swift */,
			);
			path = StreakUITests;
			sourceTree = "<group>";
		};
/* End PBXGroup section */

/* Begin PBXNativeTarget section */
		6BB3AD3F2AEE9DE00047CC71 /* Streak */ = {
			isa = PBXNativeTarget;
			buildConfigurationList = 6BB3AD642AEE9DE10047CC71 /* Build configuration list for PBXNativeTarget "Streak" */;
			buildPhases = (
				6BB3AD3C2AEE9DE00047CC71 /* Sources */,
				6BB3AD3D2AEE9DE00047CC71 /* Frameworks */,
				6BB3AD3E2AEE9DE00047CC71 /* Resources */,
			);
			buildRules = (
			);
			dependencies = (
			);
			name = Streak;
			productName = Streak;
			productReference = 6BB3AD402AEE9DE00047CC71 /* Streak.app */;
			productType = "com.apple.product-type.application";
		};
		6BB3AD4F2AEE9DE10047CC71 /* StreakTests */ = {
			isa = PBXNativeTarget;
			buildConfigurationList = 6BB3AD672AEE9DE10047CC71 /* Build configuration list for PBXNativeTarget "StreakTests" */;
			buildPhases = (
				6BB3AD4C2AEE9DE10047CC71 /* Sources */,
				6BB3AD4D2AEE9DE10047CC71 /* Frameworks */,
				6BB3AD4E2AEE9DE10047CC71 /* Resources */,
			);
			buildRules = (
			);
			dependencies = (
				6BB3AD522AEE9DE10047CC71 /* PBXTargetDependency */,
			);
			name = StreakTests;
			productName = StreakTests;
			productReference = 6BB3AD502AEE9DE10047CC71 /* StreakTests.xctest */;
			productType = "com.apple.product-type.bundle.unit-test";
		};
		6BB3AD592AEE9DE10047CC71 /* StreakUITests */ = {
			isa = PBXNativeTarget;
			buildConfigurationList = 6BB3AD6A2AEE9DE10047CC71 /* Build configuration list for PBXNativeTarget "StreakUITests" */;
			buildPhases = (
				6BB3AD562AEE9DE10047CC71 /* Sources */,
				6BB3AD572AEE9DE10047CC71 /* Frameworks */,
				6BB3AD582AEE9DE10047CC71 /* Resources */,
			);
			buildRules = (
			);
			dependencies = (
				6BB3AD5C2AEE9DE10047CC71 /* PBXTargetDependency */,
			);
			name = StreakUITests;
			productName = StreakUITests;
			productReference = 6BB3AD5A2AEE9DE10047CC71 /* StreakUITests.xctest */;
			productType = "com.apple.product-type.bundle.ui-testing";
		};
/* End PBXNativeTarget section */

/* Begin PBXProject section */
		6BB3AD382AEE9DE00047CC71 /* Project object */ = {
			isa = PBXProject;
			attributes = {
				BuildIndependentTargetsInParallel = 1;
				LastSwiftUpdateCheck = 1500;
				LastUpgradeCheck = 1500;
				TargetAttributes = {
					6BB3AD3F2AEE9DE00047CC71 = {
						CreatedOnToolsVersion = 15.0;
					};
					6BB3AD4F2AEE9DE10047CC71 = {
						CreatedOnToolsVersion = 15.0;
						TestTargetID = 6BB3AD3F2AEE9DE00047CC71;
					};
					6BB3AD592AEE9DE10047CC71 = {
						CreatedOnToolsVersion = 15.0;
						TestTargetID = 6BB3AD3F2AEE9DE00047CC71;
					};
				};
			};
			buildConfigurationList = 6BB3AD3B2AEE9DE00047CC71 /* Build configuration list for PBXProject "Streak" */;
			compatibilityVersion = "Xcode 14.0";
			developmentRegion = en;
			hasScannedForEncodings = 0;
			knownRegions = (
				en,
				Base,
			);
			mainGroup = 6BB3AD372AEE9DE00047CC71;
			productRefGroup = 6BB3AD412AEE9DE00047CC71 /* Products */;
			projectDirPath = "";
			projectRoot = "";
			targets = (
				6BB3AD3F2AEE9DE00047CC71 /* Streak */,
				6BB3AD4F2AEE9DE10047CC71 /* StreakTests */,
				6BB3AD592AEE9DE10047CC71 /* StreakUITests */,
			);
		};
/* End PBXProject section */

/* Begin PBXResourcesBuildPhase section */
		6BB3AD3E2AEE9DE00047CC71 /* Resources */ = {
			isa = PBXResourcesBuildPhase;
			buildActionMask = 2147483647;
			files = (
				6BB3AD4B2AEE9DE10047CC71 /* Preview Assets.xcassets in Resources */,
				6BB3AD482AEE9DE10047CC71 /* Assets.xcassets in Resources */,
			);
			runOnlyForDeploymentPostprocessing = 0;
		};
		6BB3AD4E2AEE9DE10047CC71 /* Resources */ = {
			isa = PBXResourcesBuildPhase;
			buildActionMask = 2147483647;
			files = (
			);
			runOnlyForDeploymentPostprocessing = 0;
		};
		6BB3AD582AEE9DE10047CC71 /* Resources */ = {
			isa = PBXResourcesBuildPhase;
			buildActionMask = 2147483647;
			files = (
			);
			runOnlyForDeploymentPostprocessing = 0;
		};
/* End PBXResourcesBuildPhase section */

/* Begin PBXSourcesBuildPhase section */
		6BB3AD3C2AEE9DE00047CC71 /* Sources */ = {
			isa = PBXSourcesBuildPhase;
			buildActionMask = 2147483647;
			files = (
				6BB3AD6E2AEE9FD40047CC71 /* StreakView.swift in Sources */,
				6BB3AD462AEE9DE00047CC71 /* ContentView.swift in Sources */,
				6B003D512AEEEA1C00CACBCE /* StreakViewModel.swift in Sources */,
				6BB3AD442AEE9DE00047CC71 /* StreakApp.swift in Sources */,
			);
			runOnlyForDeploymentPostprocessing = 0;
		};
		6BB3AD4C2AEE9DE10047CC71 /* Sources */ = {
			isa = PBXSourcesBuildPhase;
			buildActionMask = 2147483647;
			files = (
				6BB3AD552AEE9DE10047CC71 /* StreakTests.swift in Sources */,
			);
			runOnlyForDeploymentPostprocessing = 0;
		};
		6BB3AD562AEE9DE10047CC71 /* Sources */ = {
			isa = PBXSourcesBuildPhase;
			buildActionMask = 2147483647;
			files = (
				6BB3AD612AEE9DE10047CC71 /* StreakUITestsLaunchTests.swift in Sources */,
				6BB3AD5F2AEE9DE10047CC71 /* StreakUITests.swift in Sources */,
			);
			runOnlyForDeploymentPostprocessing = 0;
		};
/* End PBXSourcesBuildPhase section */

/* Begin PBXTargetDependency section */
		6BB3AD522AEE9DE10047CC71 /* PBXTargetDependency */ = {
			isa = PBXTargetDependency;
			target = 6BB3AD3F2AEE9DE00047CC71 /* Streak */;
			targetProxy = 6BB3AD512AEE9DE10047CC71 /* PBXContainerItemProxy */;
		};
		6BB3AD5C2AEE9DE10047CC71 /* PBXTargetDependency */ = {
			isa = PBXTargetDependency;
			target = 6BB3AD3F2AEE9DE00047CC71 /* Streak */;
			targetProxy = 6BB3AD5B2AEE9DE10047CC71 /* PBXContainerItemProxy */;
		};
/* End PBXTargetDependency section */

/* Begin XCBuildConfiguration section */
		6BB3AD622AEE9DE10047CC71 /* Debug */ = {
			isa = XCBuildConfiguration;
			buildSettings = {
				ALWAYS_SEARCH_USER_PATHS = NO;
				ASSETCATALOG_COMPILER_GENERATE_SWIFT_ASSET_SYMBOL_EXTENSIONS = YES;
				CLANG_ANALYZER_NONNULL = YES;
				CLANG_ANALYZER_NUMBER_OBJECT_CONVERSION = YES_AGGRESSIVE;
				CLANG_CXX_LANGUAGE_STANDARD = "gnu++20";
				CLANG_ENABLE_MODULES = YES;
				CLANG_ENABLE_OBJC_ARC = YES;
				CLANG_ENABLE_OBJC_WEAK = YES;
				CLANG_WARN_BLOCK_CAPTURE_AUTORELEASING = YES;
				CLANG_WARN_BOOL_CONVERSION = YES;
				CLANG_WARN_COMMA = YES;
				CLANG_WARN_CONSTANT_CONVERSION = YES;
				CLANG_WARN_DEPRECATED_OBJC_IMPLEMENTATIONS = YES;
				CLANG_WARN_DIRECT_OBJC_ISA_USAGE = YES_ERROR;
				CLANG_WARN_DOCUMENTATION_COMMENTS = YES;
				CLANG_WARN_EMPTY_BODY = YES;
				CLANG_WARN_ENUM_CONVERSION = YES;
				CLANG_WARN_INFINITE_RECURSION = YES;
				CLANG_WARN_INT_CONVERSION = YES;
				CLANG_WARN_NON_LITERAL_NULL_CONVERSION = YES;
				CLANG_WARN_OBJC_IMPLICIT_RETAIN_SELF = YES;
				CLANG_WARN_OBJC_LITERAL_CONVERSION = YES;
				CLANG_WARN_OBJC_ROOT_CLASS = YES_ERROR;
				CLANG_WARN_QUOTED_INCLUDE_IN_FRAMEWORK_HEADER = YES;
				CLANG_WARN_RANGE_LOOP_ANALYSIS = YES;
				CLANG_WARN_STRICT_PROTOTYPES = YES;
				CLANG_WARN_SUSPICIOUS_MOVE = YES;
				CLANG_WARN_UNGUARDED_AVAILABILITY = YES_AGGRESSIVE;
				CLANG_WARN_UNREACHABLE_CODE = YES;
				CLANG_WARN__DUPLICATE_METHOD_MATCH = YES;
				COPY_PHASE_STRIP = NO;
				DEBUG_INFORMATION_FORMAT = dwarf;
				ENABLE_STRICT_OBJC_MSGSEND = YES;
				ENABLE_TESTABILITY = YES;
				ENABLE_USER_SCRIPT_SANDBOXING = YES;
				GCC_C_LANGUAGE_STANDARD = gnu17;
				GCC_DYNAMIC_NO_PIC = NO;
				GCC_NO_COMMON_BLOCKS = YES;
				GCC_OPTIMIZATION_LEVEL = 0;
				GCC_PREPROCESSOR_DEFINITIONS = (
					"DEBUG=1",
					"$(inherited)",
				);
				GCC_WARN_64_TO_32_BIT_CONVERSION = YES;
				GCC_WARN_ABOUT_RETURN_TYPE = YES_ERROR;
				GCC_WARN_UNDECLARED_SELECTOR = YES;
				GCC_WARN_UNINITIALIZED_AUTOS = YES_AGGRESSIVE;
				GCC_WARN_UNUSED_FUNCTION = YES;
				GCC_WARN_UNUSED_VARIABLE = YES;
				IPHONEOS_DEPLOYMENT_TARGET = 17.0;
				LOCALIZATION_PREFERS_STRING_CATALOGS = YES;
				MTL_ENABLE_DEBUG_INFO = INCLUDE_SOURCE;
				MTL_FAST_MATH = YES;
				ONLY_ACTIVE_ARCH = YES;
				SDKROOT = iphoneos;
				SWIFT_ACTIVE_COMPILATION_CONDITIONS = "DEBUG $(inherited)";
				SWIFT_OPTIMIZATION_LEVEL = "-Onone";
			};
			name = Debug;
		};
		6BB3AD632AEE9DE10047CC71 /* Release */ = {
			isa = XCBuildConfiguration;
			buildSettings = {
				ALWAYS_SEARCH_USER_PATHS = NO;
				ASSETCATALOG_COMPILER_GENERATE_SWIFT_ASSET_SYMBOL_EXTENSIONS = YES;
				CLANG_ANALYZER_NONNULL = YES;
				CLANG_ANALYZER_NUMBER_OBJECT_CONVERSION = YES_AGGRESSIVE;
				CLANG_CXX_LANGUAGE_STANDARD = "gnu++20";
				CLANG_ENABLE_MODULES = YES;
				CLANG_ENABLE_OBJC_ARC = YES;
				CLANG_ENABLE_OBJC_WEAK = YES;
				CLANG_WARN_BLOCK_CAPTURE_AUTORELEASING = YES;
				CLANG_WARN_BOOL_CONVERSION = YES;
				CLANG_WARN_COMMA = YES;
				CLANG_WARN_CONSTANT_CONVERSION = YES;
				CLANG_WARN_DEPRECATED_OBJC_IMPLEMENTATIONS = YES;
				CLANG_WARN_DIRECT_OBJC_ISA_USAGE = YES_ERROR;
				CLANG_WARN_DOCUMENTATION_COMMENTS = YES;
				CLANG_WARN_EMPTY_BODY = YES;
				CLANG_WARN_ENUM_CONVERSION = YES;
				CLANG_WARN_INFINITE_RECURSION = YES;
				CLANG_WARN_INT_CONVERSION = YES;
				CLANG_WARN_NON_LITERAL_NULL_CONVERSION = YES;
				CLANG_WARN_OBJC_IMPLICIT_RETAIN_SELF = YES;
				CLANG_WARN_OBJC_LITERAL_CONVERSION = YES;
				CLANG_WARN_OBJC_ROOT_CLASS = YES_ERROR;
				CLANG_WARN_QUOTED_INCLUDE_IN_FRAMEWORK_HEADER = YES;
				CLANG_WARN_RANGE_LOOP_ANALYSIS = YES;
				CLANG_WARN_STRICT_PROTOTYPES = YES;
				CLANG_WARN_SUSPICIOUS_MOVE = YES;
				CLANG_WARN_UNGUARDED_AVAILABILITY = YES_AGGRESSIVE;
				CLANG_WARN_UNREACHABLE_CODE = YES;
				CLANG_WARN__DUPLICATE_METHOD_MATCH = YES;
				COPY_PHASE_STRIP = NO;
				DEBUG_INFORMATION_FORMAT = "dwarf-with-dsym";
				ENABLE_NS_ASSERTIONS = NO;
				ENABLE_STRICT_OBJC_MSGSEND = YES;
				ENABLE_USER_SCRIPT_SANDBOXING = YES;
				GCC_C_LANGUAGE_STANDARD = gnu17;
				GCC_NO_COMMON_BLOCKS = YES;
				GCC_WARN_64_TO_32_BIT_CONVERSION = YES;
				GCC_WARN_ABOUT_RETURN_TYPE = YES_ERROR;
				GCC_WARN_UNDECLARED_SELECTOR = YES;
				GCC_WARN_UNINITIALIZED_AUTOS = YES_AGGRESSIVE;
				GCC_WARN_UNUSED_FUNCTION = YES;
				GCC_WARN_UNUSED_VARIABLE = YES;
				IPHONEOS_DEPLOYMENT_TARGET = 17.0;
				LOCALIZATION_PREFERS_STRING_CATALOGS = YES;
				MTL_ENABLE_DEBUG_INFO = NO;
				MTL_FAST_MATH = YES;
				SDKROOT = iphoneos;
				SWIFT_COMPILATION_MODE = wholemodule;
				VALIDATE_PRODUCT = YES;
			};
			name = Release;
		};
		6BB3AD652AEE9DE10047CC71 /* Debug */ = {
			isa = XCBuildConfiguration;
			buildSettings = {
				ASSETCATALOG_COMPILER_APPICON_NAME = AppIcon;
				ASSETCATALOG_COMPILER_GLOBAL_ACCENT_COLOR_NAME = AccentColor;
				CODE_SIGN_STYLE = Automatic;
				CURRENT_PROJECT_VERSION = 1;
				DEVELOPMENT_ASSET_PATHS = "\"Streak/Preview Content\"";
				DEVELOPMENT_TEAM = QU2AHAQ4DT;
				ENABLE_PREVIEWS = YES;
				GENERATE_INFOPLIST_FILE = YES;
				INFOPLIST_KEY_UIApplicationSceneManifest_Generation = YES;
				INFOPLIST_KEY_UIApplicationSupportsIndirectInputEvents = YES;
				INFOPLIST_KEY_UILaunchScreen_Generation = YES;
				INFOPLIST_KEY_UISupportedInterfaceOrientations_iPad = "UIInterfaceOrientationPortrait UIInterfaceOrientationPortraitUpsideDown UIInterfaceOrientationLandscapeLeft UIInterfaceOrientationLandscapeRight";
				INFOPLIST_KEY_UISupportedInterfaceOrientations_iPhone = "UIInterfaceOrientationPortrait UIInterfaceOrientationLandscapeLeft UIInterfaceOrientationLandscapeRight";
				LD_RUNPATH_SEARCH_PATHS = (
					"$(inherited)",
					"@executable_path/Frameworks",
				);
				MARKETING_VERSION = 1.0;
				PRODUCT_BUNDLE_IDENTIFIER = com.Abhiraj.Streak;
				PRODUCT_NAME = "$(TARGET_NAME)";
				SWIFT_EMIT_LOC_STRINGS = YES;
				SWIFT_VERSION = 5.0;
				TARGETED_DEVICE_FAMILY = "1,2";
			};
			name = Debug;
		};
		6BB3AD662AEE9DE10047CC71 /* Release */ = {
			isa = XCBuildConfiguration;
			buildSettings = {
				ASSETCATALOG_COMPILER_APPICON_NAME = AppIcon;
				ASSETCATALOG_COMPILER_GLOBAL_ACCENT_COLOR_NAME = AccentColor;
				CODE_SIGN_STYLE = Automatic;
				CURRENT_PROJECT_VERSION = 1;
				DEVELOPMENT_ASSET_PATHS = "\"Streak/Preview Content\"";
				DEVELOPMENT_TEAM = QU2AHAQ4DT;
				ENABLE_PREVIEWS = YES;
				GENERATE_INFOPLIST_FILE = YES;
				INFOPLIST_KEY_UIApplicationSceneManifest_Generation = YES;
				INFOPLIST_KEY_UIApplicationSupportsIndirectInputEvents = YES;
				INFOPLIST_KEY_UILaunchScreen_Generation = YES;
				INFOPLIST_KEY_UISupportedInterfaceOrientations_iPad = "UIInterfaceOrientationPortrait UIInterfaceOrientationPortraitUpsideDown UIInterfaceOrientationLandscapeLeft UIInterfaceOrientationLandscapeRight";
				INFOPLIST_KEY_UISupportedInterfaceOrientations_iPhone = "UIInterfaceOrientationPortrait UIInterfaceOrientationLandscapeLeft UIInterfaceOrientationLandscapeRight";
				LD_RUNPATH_SEARCH_PATHS = (
					"$(inherited)",
					"@executable_path/Frameworks",
				);
				MARKETING_VERSION = 1.0;
				PRODUCT_BUNDLE_IDENTIFIER = com.Abhiraj.Streak;
				PRODUCT_NAME = "$(TARGET_NAME)";
				SWIFT_EMIT_LOC_STRINGS = YES;
				SWIFT_VERSION = 5.0;
				TARGETED_DEVICE_FAMILY = "1,2";
			};
			name = Release;
		};
		6BB3AD682AEE9DE10047CC71 /* Debug */ = {
			isa = XCBuildConfiguration;
			buildSettings = {
				ALWAYS_EMBED_SWIFT_STANDARD_LIBRARIES = YES;
				BUNDLE_LOADER = "$(TEST_HOST)";
				CODE_SIGN_STYLE = Automatic;
				CURRENT_PROJECT_VERSION = 1;
				DEVELOPMENT_TEAM = QU2AHAQ4DT;
				GENERATE_INFOPLIST_FILE = YES;
				IPHONEOS_DEPLOYMENT_TARGET = 17.0;
				MARKETING_VERSION = 1.0;
				PRODUCT_BUNDLE_IDENTIFIER = com.Abhiraj.StreakTests;
				PRODUCT_NAME = "$(TARGET_NAME)";
				SWIFT_EMIT_LOC_STRINGS = NO;
				SWIFT_VERSION = 5.0;
				TARGETED_DEVICE_FAMILY = "1,2";
				TEST_HOST = "$(BUILT_PRODUCTS_DIR)/Streak.app/$(BUNDLE_EXECUTABLE_FOLDER_PATH)/Streak";
			};
			name = Debug;
		};
		6BB3AD692AEE9DE10047CC71 /* Release */ = {
			isa = XCBuildConfiguration;
			buildSettings = {
				ALWAYS_EMBED_SWIFT_STANDARD_LIBRARIES = YES;
				BUNDLE_LOADER = "$(TEST_HOST)";
				CODE_SIGN_STYLE = Automatic;
				CURRENT_PROJECT_VERSION = 1;
				DEVELOPMENT_TEAM = QU2AHAQ4DT;
				GENERATE_INFOPLIST_FILE = YES;
				IPHONEOS_DEPLOYMENT_TARGET = 17.0;
				MARKETING_VERSION = 1.0;
				PRODUCT_BUNDLE_IDENTIFIER = com.Abhiraj.StreakTests;
				PRODUCT_NAME = "$(TARGET_NAME)";
				SWIFT_EMIT_LOC_STRINGS = NO;
				SWIFT_VERSION = 5.0;
				TARGETED_DEVICE_FAMILY = "1,2";
				TEST_HOST = "$(BUILT_PRODUCTS_DIR)/Streak.app/$(BUNDLE_EXECUTABLE_FOLDER_PATH)/Streak";
			};
			name = Release;
		};
		6BB3AD6B2AEE9DE10047CC71 /* Debug */ = {
			isa = XCBuildConfiguration;
			buildSettings = {
				ALWAYS_EMBED_SWIFT_STANDARD_LIBRARIES = YES;
				CODE_SIGN_STYLE = Automatic;
				CURRENT_PROJECT_VERSION = 1;
				DEVELOPMENT_TEAM = QU2AHAQ4DT;
				GENERATE_INFOPLIST_FILE = YES;
				MARKETING_VERSION = 1.0;
				PRODUCT_BUNDLE_IDENTIFIER = com.Abhiraj.StreakUITests;
				PRODUCT_NAME = "$(TARGET_NAME)";
				SWIFT_EMIT_LOC_STRINGS = NO;
				SWIFT_VERSION = 5.0;
				TARGETED_DEVICE_FAMILY = "1,2";
				TEST_TARGET_NAME = Streak;
			};
			name = Debug;
		};
		6BB3AD6C2AEE9DE10047CC71 /* Release */ = {
			isa = XCBuildConfiguration;
			buildSettings = {
				ALWAYS_EMBED_SWIFT_STANDARD_LIBRARIES = YES;
				CODE_SIGN_STYLE = Automatic;
				CURRENT_PROJECT_VERSION = 1;
				DEVELOPMENT_TEAM = QU2AHAQ4DT;
				GENERATE_INFOPLIST_FILE = YES;
				MARKETING_VERSION = 1.0;
				PRODUCT_BUNDLE_IDENTIFIER = com.Abhiraj.StreakUITests;
				PRODUCT_NAME = "$(TARGET_NAME)";
				SWIFT_EMIT_LOC_STRINGS = NO;
				SWIFT_VERSION = 5.0;
				TARGETED_DEVICE_FAMILY = "1,2";
				TEST_TARGET_NAME = Streak;
			};
			name = Release;
		};
/* End XCBuildConfiguration section */

/* Begin XCConfigurationList section */
		6BB3AD3B2AEE9DE00047CC71 /* Build configuration list for PBXProject "Streak" */ = {
			isa = XCConfigurationList;
			buildConfigurations = (
				6BB3AD622AEE9DE10047CC71 /* Debug */,
				6BB3AD632AEE9DE10047CC71 /* Release */,
			);
			defaultConfigurationIsVisible = 0;
			defaultConfigurationName = Release;
		};
		6BB3AD642AEE9DE10047CC71 /* Build configuration list for PBXNativeTarget "Streak" */ = {
			isa = XCConfigurationList;
			buildConfigurations = (
				6BB3AD652AEE9DE10047CC71 /* Debug */,
				6BB3AD662AEE9DE10047CC71 /* Release */,
			);
			defaultConfigurationIsVisible = 0;
			defaultConfigurationName = Release;
		};
		6BB3AD672AEE9DE10047CC71 /* Build configuration list for PBXNativeTarget "StreakTests" */ = {
			isa = XCConfigurationList;
			buildConfigurations = (
				6BB3AD682AEE9DE10047CC71 /* Debug */,
				6BB3AD692AEE9DE10047CC71 /* Release */,
			);
			defaultConfigurationIsVisible = 0;
			defaultConfigurationName = Release;
		};
		6BB3AD6A2AEE9DE10047CC71 /* Build configuration list for PBXNativeTarget "StreakUITests" */ = {
			isa = XCConfigurationList;
			buildConfigurations = (
				6BB3AD6B2AEE9DE10047CC71 /* Debug */,
				6BB3AD6C2AEE9DE10047CC71 /* Release */,
			);
			defaultConfigurationIsVisible = 0;
			defaultConfigurationName = Release;
		};
/* End XCConfigurationList section */
	};
	rootObject = 6BB3AD382AEE9DE00047CC71 /* Project object */;
}
